PODS:
  - KIF (3.3.1):
    - KIF/Core (= 3.3.1)
  - KIF-Kiwi (0.2.5):
    - KIF (~> 3.0)
    - Kiwi (~> 2.0)
  - KIF/Core (3.3.1)
  - Kiwi (2.4.0)
  - LocationHelper (0.0.1)

DEPENDENCIES:
  - KIF-Kiwi
  - LocationHelper

SPEC CHECKSUMS:
  KIF: ff9f0e585503871bcd096937cc760081d770c5e2
  KIF-Kiwi: f0fd0488602bdc92fcb1908906ce9e2fa18f440e
  Kiwi: f49c9d54b28917df5928fe44968a39ed198cb8a8
  LocationHelper: 8dfa83c66ae9ca7735b34dcb21a750a6e06d402a

COCOAPODS: 0.38.2
