// !$*UTF8*$!
{
	archiveVersion = 1;
	classes = {
	};
	objectVersion = 46;
	objects = {

/* Begin PBXBuildFile section */
		5494FBD9EC99CE59821D163D /* libPods.a in Frameworks */ = {isa = PBXBuildFile; fileRef = 8B9148DBD378FB0605F9B551 /* libPods.a */; };
		631C67D91C53E7050087C7EF /* main.m in Sources */ = {isa = PBXBuildFile; fileRef = 631C67D81C53E7050087C7EF /* main.m */; };
		631C67DC1C53E7050087C7EF /* AppDelegate.m in Sources */ = {isa = PBXBuildFile; fileRef = 631C67DB1C53E7050087C7EF /* AppDelegate.m */; };
		631C67E51C53E7050087C7EF /* Main.storyboard in Resources */ = {isa = PBXBuildFile; fileRef = 631C67E31C53E7050087C7EF /* Main.storyboard */; };
		631C67E71C53E7050087C7EF /* Assets.xcassets in Resources */ = {isa = PBXBuildFile; fileRef = 631C67E61C53E7050087C7EF /* Assets.xcassets */; };
		631C67EA1C53E7050087C7EF /* LaunchScreen.storyboard in Resources */ = {isa = PBXBuildFile; fileRef = 631C67E81C53E7050087C7EF /* LaunchScreen.storyboard */; };
		631C67F51C53E7050087C7EF /* BlockHuntTests.m in Sources */ = {isa = PBXBuildFile; fileRef = 631C67F41C53E7050087C7EF /* BlockHuntTests.m */; };
		631C68001C53E7050087C7EF /* BlockHuntUITests.m in Sources */ = {isa = PBXBuildFile; fileRef = 631C67FF1C53E7050087C7EF /* BlockHuntUITests.m */; };
		631C68101C5411DE0087C7EF /* APIClient.m in Sources */ = {isa = PBXBuildFile; fileRef = 631C680F1C5411DE0087C7EF /* APIClient.m */; };
		631C681C1C543D220087C7EF /* User.m in Sources */ = {isa = PBXBuildFile; fileRef = 631C681B1C543D220087C7EF /* User.m */; };
		631C681F1C543E0F0087C7EF /* ExtendedError.m in Sources */ = {isa = PBXBuildFile; fileRef = 631C681E1C543E0F0087C7EF /* ExtendedError.m */; };
		631C68231C5473FA0087C7EF /* StoreAnnotation.m in Sources */ = {isa = PBXBuildFile; fileRef = 631C68221C5473FA0087C7EF /* StoreAnnotation.m */; };
		631C68261C5474320087C7EF /* StoreAnnotationView.m in Sources */ = {isa = PBXBuildFile; fileRef = 631C68251C5474320087C7EF /* StoreAnnotationView.m */; };
		631C682F1C5489570087C7EF /* LoginViewController.m in Sources */ = {isa = PBXBuildFile; fileRef = 631C682E1C5489570087C7EF /* LoginViewController.m */; };
		631C68321C54BC490087C7EF /* CheckinStatusView.m in Sources */ = {isa = PBXBuildFile; fileRef = 631C68311C54BC490087C7EF /* CheckinStatusView.m */; };
		6B8067111C53F4E700572346 /* Store.m in Sources */ = {isa = PBXBuildFile; fileRef = 6B8067101C53F4E700572346 /* Store.m */; };
		6B8067141C53F57500572346 /* AbstractModel.m in Sources */ = {isa = PBXBuildFile; fileRef = 6B8067131C53F57500572346 /* AbstractModel.m */; };
		6B8067171C53FDEA00572346 /* MapKit.framework in Frameworks */ = {isa = PBXBuildFile; fileRef = 6B8067161C53FDEA00572346 /* MapKit.framework */; };
		6B80671C1C54077400572346 /* StoreTableViewCell.m in Sources */ = {isa = PBXBuildFile; fileRef = 6B80671B1C54077400572346 /* StoreTableViewCell.m */; };
		6B80671E1C54192600572346 /* CoreLocation.framework in Frameworks */ = {isa = PBXBuildFile; fileRef = 6B80671D1C54192600572346 /* CoreLocation.framework */; };
		6BBFA0351C54C02D000BB279 /* SendViewController.m in Sources */ = {isa = PBXBuildFile; fileRef = 6BBFA0341C54C02D000BB279 /* SendViewController.m */; };
		6BBFA0321C549FC8000BB279 /* Checkin.m in Sources */ = {isa = PBXBuildFile; fileRef = 6BBFA0311C549FC8000BB279 /* Checkin.m */; };
		6BF8EECD1C5445E2006D933C /* CheckinViewController.m in Sources */ = {isa = PBXBuildFile; fileRef = 6BF8EECC1C5445E2006D933C /* CheckinViewController.m */; };
		6BF8EED31C545BEB006D933C /* StoresViewController.m in Sources */ = {isa = PBXBuildFile; fileRef = 6BF8EED21C545BEB006D933C /* StoresViewController.m */; };
		DE4D6C491DC966630E9ECC6C /* libPods-BlockHuntTests.a in Frameworks */ = {isa = PBXBuildFile; fileRef = F1DE67D0E47C815D7E41CDD0 /* libPods-BlockHuntTests.a */; };
/* End PBXBuildFile section */

/* Begin PBXContainerItemProxy section */
		631C67F11C53E7050087C7EF /* PBXContainerItemProxy */ = {
			isa = PBXContainerItemProxy;
			containerPortal = 631C67CC1C53E7040087C7EF /* Project object */;
			proxyType = 1;
			remoteGlobalIDString = 631C67D31C53E7040087C7EF;
			remoteInfo = BlockHunt;
		};
		631C67FC1C53E7050087C7EF /* PBXContainerItemProxy */ = {
			isa = PBXContainerItemProxy;
			containerPortal = 631C67CC1C53E7040087C7EF /* Project object */;
			proxyType = 1;
			remoteGlobalIDString = 631C67D31C53E7040087C7EF;
			remoteInfo = BlockHunt;
		};
/* End PBXContainerItemProxy section */

/* Begin PBXFileReference section */
		3FF742473524EEEDCF0EC8B0 /* Pods.release.xcconfig */ = {isa = PBXFileReference; includeInIndex = 1; lastKnownFileType = text.xcconfig; name = Pods.release.xcconfig; path = "Pods/Target Support Files/Pods/Pods.release.xcconfig"; sourceTree = "<group>"; };
		631C67D41C53E7040087C7EF /* BlockHunt.app */ = {isa = PBXFileReference; explicitFileType = wrapper.application; includeInIndex = 0; path = BlockHunt.app; sourceTree = BUILT_PRODUCTS_DIR; };
		631C67D81C53E7050087C7EF /* main.m */ = {isa = PBXFileReference; lastKnownFileType = sourcecode.c.objc; path = main.m; sourceTree = "<group>"; };
		631C67DA1C53E7050087C7EF /* AppDelegate.h */ = {isa = PBXFileReference; lastKnownFileType = sourcecode.c.h; path = AppDelegate.h; sourceTree = "<group>"; };
		631C67DB1C53E7050087C7EF /* AppDelegate.m */ = {isa = PBXFileReference; lastKnownFileType = sourcecode.c.objc; path = AppDelegate.m; sourceTree = "<group>"; };
		631C67E41C53E7050087C7EF /* Base */ = {isa = PBXFileReference; lastKnownFileType = file.storyboard; name = Base; path = Base.lproj/Main.storyboard; sourceTree = "<group>"; };
		631C67E61C53E7050087C7EF /* Assets.xcassets */ = {isa = PBXFileReference; lastKnownFileType = folder.assetcatalog; path = Assets.xcassets; sourceTree = "<group>"; };
		631C67E91C53E7050087C7EF /* Base */ = {isa = PBXFileReference; lastKnownFileType = file.storyboard; name = Base; path = Base.lproj/LaunchScreen.storyboard; sourceTree = "<group>"; };
		631C67EB1C53E7050087C7EF /* Info.plist */ = {isa = PBXFileReference; lastKnownFileType = text.plist.xml; path = Info.plist; sourceTree = "<group>"; };
		631C67F01C53E7050087C7EF /* BlockHuntTests.xctest */ = {isa = PBXFileReference; explicitFileType = wrapper.cfbundle; includeInIndex = 0; path = BlockHuntTests.xctest; sourceTree = BUILT_PRODUCTS_DIR; };
		631C67F41C53E7050087C7EF /* BlockHuntTests.m */ = {isa = PBXFileReference; lastKnownFileType = sourcecode.c.objc; path = BlockHuntTests.m; sourceTree = "<group>"; };
		631C67F61C53E7050087C7EF /* Info.plist */ = {isa = PBXFileReference; lastKnownFileType = text.plist.xml; path = Info.plist; sourceTree = "<group>"; };
		631C67FB1C53E7050087C7EF /* BlockHuntUITests.xctest */ = {isa = PBXFileReference; explicitFileType = wrapper.cfbundle; includeInIndex = 0; path = BlockHuntUITests.xctest; sourceTree = BUILT_PRODUCTS_DIR; };
		631C67FF1C53E7050087C7EF /* BlockHuntUITests.m */ = {isa = PBXFileReference; lastKnownFileType = sourcecode.c.objc; path = BlockHuntUITests.m; sourceTree = "<group>"; };
		631C68011C53E7050087C7EF /* Info.plist */ = {isa = PBXFileReference; lastKnownFileType = text.plist.xml; path = Info.plist; sourceTree = "<group>"; };
		631C680E1C5411DE0087C7EF /* APIClient.h */ = {isa = PBXFileReference; fileEncoding = 4; lastKnownFileType = sourcecode.c.h; name = APIClient.h; path = Singletons/APIClient.h; sourceTree = "<group>"; };
		631C680F1C5411DE0087C7EF /* APIClient.m */ = {isa = PBXFileReference; fileEncoding = 4; lastKnownFileType = sourcecode.c.objc; name = APIClient.m; path = Singletons/APIClient.m; sourceTree = "<group>"; };
		631C681A1C543D220087C7EF /* User.h */ = {isa = PBXFileReference; fileEncoding = 4; lastKnownFileType = sourcecode.c.h; name = User.h; path = BlockHunt/Models/User.h; sourceTree = "<group>"; };
		631C681B1C543D220087C7EF /* User.m */ = {isa = PBXFileReference; fileEncoding = 4; lastKnownFileType = sourcecode.c.objc; name = User.m; path = BlockHunt/Models/User.m; sourceTree = "<group>"; };
		631C681D1C543E0F0087C7EF /* ExtendedError.h */ = {isa = PBXFileReference; fileEncoding = 4; lastKnownFileType = sourcecode.c.h; name = ExtendedError.h; path = BlockHunt/Models/ExtendedError.h; sourceTree = "<group>"; };
		631C681E1C543E0F0087C7EF /* ExtendedError.m */ = {isa = PBXFileReference; fileEncoding = 4; lastKnownFileType = sourcecode.c.objc; name = ExtendedError.m; path = BlockHunt/Models/ExtendedError.m; sourceTree = "<group>"; };
		631C68211C5473FA0087C7EF /* StoreAnnotation.h */ = {isa = PBXFileReference; fileEncoding = 4; lastKnownFileType = sourcecode.c.h; name = StoreAnnotation.h; path = Views/Annotations/StoreAnnotation.h; sourceTree = "<group>"; };
		631C68221C5473FA0087C7EF /* StoreAnnotation.m */ = {isa = PBXFileReference; fileEncoding = 4; lastKnownFileType = sourcecode.c.objc; name = StoreAnnotation.m; path = Views/Annotations/StoreAnnotation.m; sourceTree = "<group>"; };
		631C68241C5474320087C7EF /* StoreAnnotationView.h */ = {isa = PBXFileReference; fileEncoding = 4; lastKnownFileType = sourcecode.c.h; name = StoreAnnotationView.h; path = Views/Annotations/StoreAnnotationView.h; sourceTree = "<group>"; };
		631C68251C5474320087C7EF /* StoreAnnotationView.m */ = {isa = PBXFileReference; fileEncoding = 4; lastKnownFileType = sourcecode.c.objc; name = StoreAnnotationView.m; path = Views/Annotations/StoreAnnotationView.m; sourceTree = "<group>"; };
		631C68271C5475470087C7EF /* AnnotationProtocol.h */ = {isa = PBXFileReference; lastKnownFileType = sourcecode.c.h; name = AnnotationProtocol.h; path = Views/Annotations/AnnotationProtocol.h; sourceTree = "<group>"; };
		631C68281C5475CC0087C7EF /* AnnotationViewProtocol.h */ = {isa = PBXFileReference; lastKnownFileType = sourcecode.c.h; name = AnnotationViewProtocol.h; path = Views/Annotations/AnnotationViewProtocol.h; sourceTree = "<group>"; };
		631C682D1C5489570087C7EF /* LoginViewController.h */ = {isa = PBXFileReference; fileEncoding = 4; lastKnownFileType = sourcecode.c.h; path = LoginViewController.h; sourceTree = "<group>"; };
		631C682E1C5489570087C7EF /* LoginViewController.m */ = {isa = PBXFileReference; fileEncoding = 4; lastKnownFileType = sourcecode.c.objc; path = LoginViewController.m; sourceTree = "<group>"; };
		631C68301C54BC490087C7EF /* CheckinStatusView.h */ = {isa = PBXFileReference; fileEncoding = 4; lastKnownFileType = sourcecode.c.h; name = CheckinStatusView.h; path = BlockHunt/Views/CheckinStatusView.h; sourceTree = "<group>"; };
		631C68311C54BC490087C7EF /* CheckinStatusView.m */ = {isa = PBXFileReference; fileEncoding = 4; lastKnownFileType = sourcecode.c.objc; name = CheckinStatusView.m; path = BlockHunt/Views/CheckinStatusView.m; sourceTree = "<group>"; };
		6B8067101C53F4E700572346 /* Store.m */ = {isa = PBXFileReference; fileEncoding = 4; lastKnownFileType = sourcecode.c.objc; name = Store.m; path = BlockHunt/Models/Store.m; sourceTree = "<group>"; };
		6B8067121C53F52C00572346 /* Store.h */ = {isa = PBXFileReference; lastKnownFileType = sourcecode.c.h; name = Store.h; path = BlockHunt/Models/Store.h; sourceTree = "<group>"; };
		6B8067131C53F57500572346 /* AbstractModel.m */ = {isa = PBXFileReference; fileEncoding = 4; lastKnownFileType = sourcecode.c.objc; name = AbstractModel.m; path = BlockHunt/Models/AbstractModel.m; sourceTree = "<group>"; };
		6B8067151C53F58C00572346 /* AbstractModel.h */ = {isa = PBXFileReference; lastKnownFileType = sourcecode.c.h; name = AbstractModel.h; path = BlockHunt/Models/AbstractModel.h; sourceTree = "<group>"; };
		6B8067161C53FDEA00572346 /* MapKit.framework */ = {isa = PBXFileReference; lastKnownFileType = wrapper.framework; name = MapKit.framework; path = System/Library/Frameworks/MapKit.framework; sourceTree = SDKROOT; };
		6B80671A1C54075C00572346 /* StoreTableViewCell.h */ = {isa = PBXFileReference; lastKnownFileType = sourcecode.c.h; name = StoreTableViewCell.h; path = Views/Cells/StoreTableViewCell.h; sourceTree = "<group>"; };
		6B80671B1C54077400572346 /* StoreTableViewCell.m */ = {isa = PBXFileReference; fileEncoding = 4; lastKnownFileType = sourcecode.c.objc; name = StoreTableViewCell.m; path = Views/Cells/StoreTableViewCell.m; sourceTree = "<group>"; };
		6B80671D1C54192600572346 /* CoreLocation.framework */ = {isa = PBXFileReference; lastKnownFileType = wrapper.framework; name = CoreLocation.framework; path = System/Library/Frameworks/CoreLocation.framework; sourceTree = SDKROOT; };
		6BBFA0331C54C02D000BB279 /* SendViewController.h */ = {isa = PBXFileReference; fileEncoding = 4; lastKnownFileType = sourcecode.c.h; path = SendViewController.h; sourceTree = "<group>"; };
		6BBFA0341C54C02D000BB279 /* SendViewController.m */ = {isa = PBXFileReference; fileEncoding = 4; lastKnownFileType = sourcecode.c.objc; path = SendViewController.m; sourceTree = "<group>"; };
		6BBFA0301C549FC8000BB279 /* Checkin.h */ = {isa = PBXFileReference; fileEncoding = 4; lastKnownFileType = sourcecode.c.h; name = Checkin.h; path = BlockHunt/Models/Checkin.h; sourceTree = "<group>"; };
		6BBFA0311C549FC8000BB279 /* Checkin.m */ = {isa = PBXFileReference; fileEncoding = 4; lastKnownFileType = sourcecode.c.objc; name = Checkin.m; path = BlockHunt/Models/Checkin.m; sourceTree = "<group>"; };
		6BF8EECC1C5445E2006D933C /* CheckinViewController.m */ = {isa = PBXFileReference; fileEncoding = 4; lastKnownFileType = sourcecode.c.objc; name = CheckinViewController.m; path = ../CheckinViewController.m; sourceTree = "<group>"; };
		6BF8EECE1C5445F4006D933C /* CheckinViewController.h */ = {isa = PBXFileReference; lastKnownFileType = sourcecode.c.h; name = CheckinViewController.h; path = ../CheckinViewController.h; sourceTree = "<group>"; };
		6BF8EED11C545BEB006D933C /* StoresViewController.h */ = {isa = PBXFileReference; fileEncoding = 4; lastKnownFileType = sourcecode.c.h; name = StoresViewController.h; path = ../StoresViewController.h; sourceTree = "<group>"; };
		6BF8EED21C545BEB006D933C /* StoresViewController.m */ = {isa = PBXFileReference; fileEncoding = 4; lastKnownFileType = sourcecode.c.objc; name = StoresViewController.m; path = ../StoresViewController.m; sourceTree = "<group>"; };
		7FAD0C26E270AC144A51AD57 /* Pods.debug.xcconfig */ = {isa = PBXFileReference; includeInIndex = 1; lastKnownFileType = text.xcconfig; name = Pods.debug.xcconfig; path = "Pods/Target Support Files/Pods/Pods.debug.xcconfig"; sourceTree = "<group>"; };
		8B9148DBD378FB0605F9B551 /* libPods.a */ = {isa = PBXFileReference; explicitFileType = archive.ar; includeInIndex = 0; path = libPods.a; sourceTree = BUILT_PRODUCTS_DIR; };
		A8B757F07D489D47F102D9DA /* Pods-BlockHuntTests.release.xcconfig */ = {isa = PBXFileReference; includeInIndex = 1; lastKnownFileType = text.xcconfig; name = "Pods-BlockHuntTests.release.xcconfig"; path = "Pods/Target Support Files/Pods-BlockHuntTests/Pods-BlockHuntTests.release.xcconfig"; sourceTree = "<group>"; };
		B46AB7B043C0ABF306C033A6 /* Pods-BlockHuntTests.debug.xcconfig */ = {isa = PBXFileReference; includeInIndex = 1; lastKnownFileType = text.xcconfig; name = "Pods-BlockHuntTests.debug.xcconfig"; path = "Pods/Target Support Files/Pods-BlockHuntTests/Pods-BlockHuntTests.debug.xcconfig"; sourceTree = "<group>"; };
		F1DE67D0E47C815D7E41CDD0 /* libPods-BlockHuntTests.a */ = {isa = PBXFileReference; explicitFileType = archive.ar; includeInIndex = 0; path = "libPods-BlockHuntTests.a"; sourceTree = BUILT_PRODUCTS_DIR; };
/* End PBXFileReference section */

/* Begin PBXFrameworksBuildPhase section */
		631C67D11C53E7040087C7EF /* Frameworks */ = {
			isa = PBXFrameworksBuildPhase;
			buildActionMask = 2147483647;
			files = (
				6B80671E1C54192600572346 /* CoreLocation.framework in Frameworks */,
				6B8067171C53FDEA00572346 /* MapKit.framework in Frameworks */,
				5494FBD9EC99CE59821D163D /* libPods.a in Frameworks */,
			);
			runOnlyForDeploymentPostprocessing = 0;
		};
		631C67ED1C53E7050087C7EF /* Frameworks */ = {
			isa = PBXFrameworksBuildPhase;
			buildActionMask = 2147483647;
			files = (
				DE4D6C491DC966630E9ECC6C /* libPods-BlockHuntTests.a in Frameworks */,
			);
			runOnlyForDeploymentPostprocessing = 0;
		};
		631C67F81C53E7050087C7EF /* Frameworks */ = {
			isa = PBXFrameworksBuildPhase;
			buildActionMask = 2147483647;
			files = (
			);
			runOnlyForDeploymentPostprocessing = 0;
		};
/* End PBXFrameworksBuildPhase section */

/* Begin PBXGroup section */
		04A03E55B2219291ECC67DC3 /* Pods */ = {
			isa = PBXGroup;
			children = (
				7FAD0C26E270AC144A51AD57 /* Pods.debug.xcconfig */,
				3FF742473524EEEDCF0EC8B0 /* Pods.release.xcconfig */,
				B46AB7B043C0ABF306C033A6 /* Pods-BlockHuntTests.debug.xcconfig */,
				A8B757F07D489D47F102D9DA /* Pods-BlockHuntTests.release.xcconfig */,
			);
			name = Pods;
			sourceTree = "<group>";
		};
		631C67CB1C53E7040087C7EF = {
			isa = PBXGroup;
			children = (
				631C68301C54BC490087C7EF /* CheckinStatusView.h */,
				631C68311C54BC490087C7EF /* CheckinStatusView.m */,
				631C67D61C53E7050087C7EF /* BlockHunt */,
				631C67F31C53E7050087C7EF /* BlockHuntTests */,
				631C67FE1C53E7050087C7EF /* BlockHuntUITests */,
				631C67D51C53E7040087C7EF /* Products */,
				04A03E55B2219291ECC67DC3 /* Pods */,
				E46012AB0B2065ACD99F7493 /* Frameworks */,
			);
			sourceTree = "<group>";
		};
		631C67D51C53E7040087C7EF /* Products */ = {
			isa = PBXGroup;
			children = (
				631C67D41C53E7040087C7EF /* BlockHunt.app */,
				631C67F01C53E7050087C7EF /* BlockHuntTests.xctest */,
				631C67FB1C53E7050087C7EF /* BlockHuntUITests.xctest */,
			);
			name = Products;
			sourceTree = "<group>";
		};
		631C67D61C53E7050087C7EF /* BlockHunt */ = {
			isa = PBXGroup;
			children = (
				631C67DA1C53E7050087C7EF /* AppDelegate.h */,
				631C67DB1C53E7050087C7EF /* AppDelegate.m */,
				631C67E31C53E7050087C7EF /* Main.storyboard */,
				631C67E61C53E7050087C7EF /* Assets.xcassets */,
				631C67E81C53E7050087C7EF /* LaunchScreen.storyboard */,
				631C67EB1C53E7050087C7EF /* Info.plist */,
				6B8067181C54067600572346 /* Views */,
				631C68131C5412220087C7EF /* ViewControllers */,
				631C680D1C5411BE0087C7EF /* Singletons */,
				6B80670F1C53F47A00572346 /* Models */,
				631C67D71C53E7050087C7EF /* Supporting Files */,
			);
			path = BlockHunt;
			sourceTree = "<group>";
		};
		631C67D71C53E7050087C7EF /* Supporting Files */ = {
			isa = PBXGroup;
			children = (
				631C67D81C53E7050087C7EF /* main.m */,
			);
			name = "Supporting Files";
			sourceTree = "<group>";
		};
		631C67F31C53E7050087C7EF /* BlockHuntTests */ = {
			isa = PBXGroup;
			children = (
				631C67F41C53E7050087C7EF /* BlockHuntTests.m */,
				631C67F61C53E7050087C7EF /* Info.plist */,
			);
			path = BlockHuntTests;
			sourceTree = "<group>";
		};
		631C67FE1C53E7050087C7EF /* BlockHuntUITests */ = {
			isa = PBXGroup;
			children = (
				631C67FF1C53E7050087C7EF /* BlockHuntUITests.m */,
				631C68011C53E7050087C7EF /* Info.plist */,
			);
			path = BlockHuntUITests;
			sourceTree = "<group>";
		};
		631C680D1C5411BE0087C7EF /* Singletons */ = {
			isa = PBXGroup;
			children = (
				631C680E1C5411DE0087C7EF /* APIClient.h */,
				631C680F1C5411DE0087C7EF /* APIClient.m */,
			);
			name = Singletons;
			sourceTree = "<group>";
		};
		631C68131C5412220087C7EF /* ViewControllers */ = {
			isa = PBXGroup;
			children = (
				631C682D1C5489570087C7EF /* LoginViewController.h */,
				631C682E1C5489570087C7EF /* LoginViewController.m */,
				6BF8EED11C545BEB006D933C /* StoresViewController.h */,
				6BF8EED21C545BEB006D933C /* StoresViewController.m */,
				6BF8EECC1C5445E2006D933C /* CheckinViewController.m */,
				6BF8EECE1C5445F4006D933C /* CheckinViewController.h */,
				6BBFA0331C54C02D000BB279 /* SendViewController.h */,
				6BBFA0341C54C02D000BB279 /* SendViewController.m */,
			);
			path = ViewControllers;
			sourceTree = "<group>";
		};
		631C68201C5473D40087C7EF /* Annotations */ = {
			isa = PBXGroup;
			children = (
				631C68211C5473FA0087C7EF /* StoreAnnotation.h */,
				631C68221C5473FA0087C7EF /* StoreAnnotation.m */,
				631C68241C5474320087C7EF /* StoreAnnotationView.h */,
				631C68251C5474320087C7EF /* StoreAnnotationView.m */,
				631C68271C5475470087C7EF /* AnnotationProtocol.h */,
				631C68281C5475CC0087C7EF /* AnnotationViewProtocol.h */,
			);
			name = Annotations;
			sourceTree = "<group>";
		};
		6B80670F1C53F47A00572346 /* Models */ = {
			isa = PBXGroup;
			children = (
				6B8067131C53F57500572346 /* AbstractModel.m */,
				6B8067151C53F58C00572346 /* AbstractModel.h */,
				631C681D1C543E0F0087C7EF /* ExtendedError.h */,
				631C681E1C543E0F0087C7EF /* ExtendedError.m */,
				6B8067101C53F4E700572346 /* Store.m */,
				6B8067121C53F52C00572346 /* Store.h */,
				631C681A1C543D220087C7EF /* User.h */,
				631C681B1C543D220087C7EF /* User.m */,
				6BBFA0301C549FC8000BB279 /* Checkin.h */,
				6BBFA0311C549FC8000BB279 /* Checkin.m */,
			);
			name = Models;
			path = ..;
			sourceTree = "<group>";
		};
		6B8067181C54067600572346 /* Views */ = {
			isa = PBXGroup;
			children = (
				631C68201C5473D40087C7EF /* Annotations */,
				6B8067191C54068100572346 /* Cells */,
			);
			name = Views;
			sourceTree = "<group>";
		};
		6B8067191C54068100572346 /* Cells */ = {
			isa = PBXGroup;
			children = (
				6B80671A1C54075C00572346 /* StoreTableViewCell.h */,
				6B80671B1C54077400572346 /* StoreTableViewCell.m */,
			);
			name = Cells;
			sourceTree = "<group>";
		};
		E46012AB0B2065ACD99F7493 /* Frameworks */ = {
			isa = PBXGroup;
			children = (
				6B80671D1C54192600572346 /* CoreLocation.framework */,
				6B8067161C53FDEA00572346 /* MapKit.framework */,
				8B9148DBD378FB0605F9B551 /* libPods.a */,
				F1DE67D0E47C815D7E41CDD0 /* libPods-BlockHuntTests.a */,
			);
			name = Frameworks;
			sourceTree = "<group>";
		};
/* End PBXGroup section */

/* Begin PBXNativeTarget section */
		631C67D31C53E7040087C7EF /* BlockHunt */ = {
			isa = PBXNativeTarget;
			buildConfigurationList = 631C68041C53E7050087C7EF /* Build configuration list for PBXNativeTarget "BlockHunt" */;
			buildPhases = (
				B8727A912C2B36DB48D0250B /* Check Pods Manifest.lock */,
				631C67D01C53E7040087C7EF /* Sources */,
				631C67D11C53E7040087C7EF /* Frameworks */,
				631C67D21C53E7040087C7EF /* Resources */,
				9F2B1D4B24A8699E554C9487 /* Copy Pods Resources */,
			);
			buildRules = (
			);
			dependencies = (
			);
			name = BlockHunt;
			productName = BlockHunt;
			productReference = 631C67D41C53E7040087C7EF /* BlockHunt.app */;
			productType = "com.apple.product-type.application";
		};
		631C67EF1C53E7050087C7EF /* BlockHuntTests */ = {
			isa = PBXNativeTarget;
			buildConfigurationList = 631C68071C53E7050087C7EF /* Build configuration list for PBXNativeTarget "BlockHuntTests" */;
			buildPhases = (
				1460BFF4CD5E908E24EF9519 /* Check Pods Manifest.lock */,
				631C67EC1C53E7050087C7EF /* Sources */,
				631C67ED1C53E7050087C7EF /* Frameworks */,
				631C67EE1C53E7050087C7EF /* Resources */,
				DCDDBF30396E6F2BF4FC6035 /* Copy Pods Resources */,
			);
			buildRules = (
			);
			dependencies = (
				631C67F21C53E7050087C7EF /* PBXTargetDependency */,
			);
			name = BlockHuntTests;
			productName = BlockHuntTests;
			productReference = 631C67F01C53E7050087C7EF /* BlockHuntTests.xctest */;
			productType = "com.apple.product-type.bundle.unit-test";
		};
		631C67FA1C53E7050087C7EF /* BlockHuntUITests */ = {
			isa = PBXNativeTarget;
			buildConfigurationList = 631C680A1C53E7050087C7EF /* Build configuration list for PBXNativeTarget "BlockHuntUITests" */;
			buildPhases = (
				631C67F71C53E7050087C7EF /* Sources */,
				631C67F81C53E7050087C7EF /* Frameworks */,
				631C67F91C53E7050087C7EF /* Resources */,
			);
			buildRules = (
			);
			dependencies = (
				631C67FD1C53E7050087C7EF /* PBXTargetDependency */,
			);
			name = BlockHuntUITests;
			productName = BlockHuntUITests;
			productReference = 631C67FB1C53E7050087C7EF /* BlockHuntUITests.xctest */;
			productType = "com.apple.product-type.bundle.ui-testing";
		};
/* End PBXNativeTarget section */

/* Begin PBXProject section */
		631C67CC1C53E7040087C7EF /* Project object */ = {
			isa = PBXProject;
			attributes = {
				LastUpgradeCheck = 0720;
				ORGANIZATIONNAME = SilverLogic;
				TargetAttributes = {
					631C67D31C53E7040087C7EF = {
						CreatedOnToolsVersion = 7.2;
					};
					631C67EF1C53E7050087C7EF = {
						CreatedOnToolsVersion = 7.2;
						TestTargetID = 631C67D31C53E7040087C7EF;
					};
					631C67FA1C53E7050087C7EF = {
						CreatedOnToolsVersion = 7.2;
						TestTargetID = 631C67D31C53E7040087C7EF;
					};
				};
			};
			buildConfigurationList = 631C67CF1C53E7040087C7EF /* Build configuration list for PBXProject "BlockHunt" */;
			compatibilityVersion = "Xcode 3.2";
			developmentRegion = English;
			hasScannedForEncodings = 0;
			knownRegions = (
				en,
				Base,
			);
			mainGroup = 631C67CB1C53E7040087C7EF;
			productRefGroup = 631C67D51C53E7040087C7EF /* Products */;
			projectDirPath = "";
			projectRoot = "";
			targets = (
				631C67D31C53E7040087C7EF /* BlockHunt */,
				631C67EF1C53E7050087C7EF /* BlockHuntTests */,
				631C67FA1C53E7050087C7EF /* BlockHuntUITests */,
			);
		};
/* End PBXProject section */

/* Begin PBXResourcesBuildPhase section */
		631C67D21C53E7040087C7EF /* Resources */ = {
			isa = PBXResourcesBuildPhase;
			buildActionMask = 2147483647;
			files = (
				631C67EA1C53E7050087C7EF /* LaunchScreen.storyboard in Resources */,
				631C67E71C53E7050087C7EF /* Assets.xcassets in Resources */,
				631C67E51C53E7050087C7EF /* Main.storyboard in Resources */,
			);
			runOnlyForDeploymentPostprocessing = 0;
		};
		631C67EE1C53E7050087C7EF /* Resources */ = {
			isa = PBXResourcesBuildPhase;
			buildActionMask = 2147483647;
			files = (
			);
			runOnlyForDeploymentPostprocessing = 0;
		};
		631C67F91C53E7050087C7EF /* Resources */ = {
			isa = PBXResourcesBuildPhase;
			buildActionMask = 2147483647;
			files = (
			);
			runOnlyForDeploymentPostprocessing = 0;
		};
/* End PBXResourcesBuildPhase section */

/* Begin PBXShellScriptBuildPhase section */
		1460BFF4CD5E908E24EF9519 /* Check Pods Manifest.lock */ = {
			isa = PBXShellScriptBuildPhase;
			buildActionMask = 2147483647;
			files = (
			);
			inputPaths = (
			);
			name = "Check Pods Manifest.lock";
			outputPaths = (
			);
			runOnlyForDeploymentPostprocessing = 0;
			shellPath = /bin/sh;
			shellScript = "diff \"${PODS_ROOT}/../Podfile.lock\" \"${PODS_ROOT}/Manifest.lock\" > /dev/null\nif [[ $? != 0 ]] ; then\n    cat << EOM\nerror: The sandbox is not in sync with the Podfile.lock. Run 'pod install' or update your CocoaPods installation.\nEOM\n    exit 1\nfi\n";
			showEnvVarsInLog = 0;
		};
		9F2B1D4B24A8699E554C9487 /* Copy Pods Resources */ = {
			isa = PBXShellScriptBuildPhase;
			buildActionMask = 2147483647;
			files = (
			);
			inputPaths = (
			);
			name = "Copy Pods Resources";
			outputPaths = (
			);
			runOnlyForDeploymentPostprocessing = 0;
			shellPath = /bin/sh;
			shellScript = "\"${SRCROOT}/Pods/Target Support Files/Pods/Pods-resources.sh\"\n";
			showEnvVarsInLog = 0;
		};
		B8727A912C2B36DB48D0250B /* Check Pods Manifest.lock */ = {
			isa = PBXShellScriptBuildPhase;
			buildActionMask = 2147483647;
			files = (
			);
			inputPaths = (
			);
			name = "Check Pods Manifest.lock";
			outputPaths = (
			);
			runOnlyForDeploymentPostprocessing = 0;
			shellPath = /bin/sh;
			shellScript = "diff \"${PODS_ROOT}/../Podfile.lock\" \"${PODS_ROOT}/Manifest.lock\" > /dev/null\nif [[ $? != 0 ]] ; then\n    cat << EOM\nerror: The sandbox is not in sync with the Podfile.lock. Run 'pod install' or update your CocoaPods installation.\nEOM\n    exit 1\nfi\n";
			showEnvVarsInLog = 0;
		};
		DCDDBF30396E6F2BF4FC6035 /* Copy Pods Resources */ = {
			isa = PBXShellScriptBuildPhase;
			buildActionMask = 2147483647;
			files = (
			);
			inputPaths = (
			);
			name = "Copy Pods Resources";
			outputPaths = (
			);
			runOnlyForDeploymentPostprocessing = 0;
			shellPath = /bin/sh;
			shellScript = "\"${SRCROOT}/Pods/Target Support Files/Pods-BlockHuntTests/Pods-BlockHuntTests-resources.sh\"\n";
			showEnvVarsInLog = 0;
		};
/* End PBXShellScriptBuildPhase section */

/* Begin PBXSourcesBuildPhase section */
		631C67D01C53E7040087C7EF /* Sources */ = {
			isa = PBXSourcesBuildPhase;
			buildActionMask = 2147483647;
			files = (
				631C681C1C543D220087C7EF /* User.m in Sources */,
				631C68101C5411DE0087C7EF /* APIClient.m in Sources */,
				631C68321C54BC490087C7EF /* CheckinStatusView.m in Sources */,
				631C67DC1C53E7050087C7EF /* AppDelegate.m in Sources */,
				6B80671C1C54077400572346 /* StoreTableViewCell.m in Sources */,
				631C682F1C5489570087C7EF /* LoginViewController.m in Sources */,
				6B8067141C53F57500572346 /* AbstractModel.m in Sources */,
				6BBFA0351C54C02D000BB279 /* SendViewController.m in Sources */,
				631C68261C5474320087C7EF /* StoreAnnotationView.m in Sources */,
				631C681F1C543E0F0087C7EF /* ExtendedError.m in Sources */,
				6BF8EED31C545BEB006D933C /* StoresViewController.m in Sources */,
				631C68231C5473FA0087C7EF /* StoreAnnotation.m in Sources */,
				6B8067111C53F4E700572346 /* Store.m in Sources */,
				6BF8EECD1C5445E2006D933C /* CheckinViewController.m in Sources */,
				631C67D91C53E7050087C7EF /* main.m in Sources */,
				6BBFA0321C549FC8000BB279 /* Checkin.m in Sources */,
			);
			runOnlyForDeploymentPostprocessing = 0;
		};
		631C67EC1C53E7050087C7EF /* Sources */ = {
			isa = PBXSourcesBuildPhase;
			buildActionMask = 2147483647;
			files = (
				631C67F51C53E7050087C7EF /* BlockHuntTests.m in Sources */,
			);
			runOnlyForDeploymentPostprocessing = 0;
		};
		631C67F71C53E7050087C7EF /* Sources */ = {
			isa = PBXSourcesBuildPhase;
			buildActionMask = 2147483647;
			files = (
				631C68001C53E7050087C7EF /* BlockHuntUITests.m in Sources */,
			);
			runOnlyForDeploymentPostprocessing = 0;
		};
/* End PBXSourcesBuildPhase section */

/* Begin PBXTargetDependency section */
		631C67F21C53E7050087C7EF /* PBXTargetDependency */ = {
			isa = PBXTargetDependency;
			target = 631C67D31C53E7040087C7EF /* BlockHunt */;
			targetProxy = 631C67F11C53E7050087C7EF /* PBXContainerItemProxy */;
		};
		631C67FD1C53E7050087C7EF /* PBXTargetDependency */ = {
			isa = PBXTargetDependency;
			target = 631C67D31C53E7040087C7EF /* BlockHunt */;
			targetProxy = 631C67FC1C53E7050087C7EF /* PBXContainerItemProxy */;
		};
/* End PBXTargetDependency section */

/* Begin PBXVariantGroup section */
		631C67E31C53E7050087C7EF /* Main.storyboard */ = {
			isa = PBXVariantGroup;
			children = (
				631C67E41C53E7050087C7EF /* Base */,
			);
			name = Main.storyboard;
			sourceTree = "<group>";
		};
		631C67E81C53E7050087C7EF /* LaunchScreen.storyboard */ = {
			isa = PBXVariantGroup;
			children = (
				631C67E91C53E7050087C7EF /* Base */,
			);
			name = LaunchScreen.storyboard;
			sourceTree = "<group>";
		};
/* End PBXVariantGroup section */

/* Begin XCBuildConfiguration section */
		631C68021C53E7050087C7EF /* Debug */ = {
			isa = XCBuildConfiguration;
			buildSettings = {
				ALWAYS_SEARCH_USER_PATHS = NO;
				CLANG_CXX_LANGUAGE_STANDARD = "gnu++0x";
				CLANG_CXX_LIBRARY = "libc++";
				CLANG_ENABLE_MODULES = YES;
				CLANG_ENABLE_OBJC_ARC = YES;
				CLANG_WARN_BOOL_CONVERSION = YES;
				CLANG_WARN_CONSTANT_CONVERSION = YES;
				CLANG_WARN_DIRECT_OBJC_ISA_USAGE = YES_ERROR;
				CLANG_WARN_EMPTY_BODY = YES;
				CLANG_WARN_ENUM_CONVERSION = YES;
				CLANG_WARN_INT_CONVERSION = YES;
				CLANG_WARN_OBJC_ROOT_CLASS = YES_ERROR;
				CLANG_WARN_UNREACHABLE_CODE = YES;
				CLANG_WARN__DUPLICATE_METHOD_MATCH = YES;
				"CODE_SIGN_IDENTITY[sdk=iphoneos*]" = "iPhone Developer";
				COPY_PHASE_STRIP = NO;
				DEBUG_INFORMATION_FORMAT = dwarf;
				ENABLE_STRICT_OBJC_MSGSEND = YES;
				ENABLE_TESTABILITY = YES;
				GCC_C_LANGUAGE_STANDARD = gnu99;
				GCC_DYNAMIC_NO_PIC = NO;
				GCC_NO_COMMON_BLOCKS = YES;
				GCC_OPTIMIZATION_LEVEL = 0;
				GCC_PREPROCESSOR_DEFINITIONS = (
					"DEBUG=1",
					"$(inherited)",
				);
				GCC_WARN_64_TO_32_BIT_CONVERSION = YES;
				GCC_WARN_ABOUT_RETURN_TYPE = YES_ERROR;
				GCC_WARN_UNDECLARED_SELECTOR = YES;
				GCC_WARN_UNINITIALIZED_AUTOS = YES_AGGRESSIVE;
				GCC_WARN_UNUSED_FUNCTION = YES;
				GCC_WARN_UNUSED_VARIABLE = YES;
				IPHONEOS_DEPLOYMENT_TARGET = 9.2;
				MTL_ENABLE_DEBUG_INFO = YES;
				ONLY_ACTIVE_ARCH = YES;
				SDKROOT = iphoneos;
				TARGETED_DEVICE_FAMILY = "1,2";
			};
			name = Debug;
		};
		631C68031C53E7050087C7EF /* Release */ = {
			isa = XCBuildConfiguration;
			buildSettings = {
				ALWAYS_SEARCH_USER_PATHS = NO;
				CLANG_CXX_LANGUAGE_STANDARD = "gnu++0x";
				CLANG_CXX_LIBRARY = "libc++";
				CLANG_ENABLE_MODULES = YES;
				CLANG_ENABLE_OBJC_ARC = YES;
				CLANG_WARN_BOOL_CONVERSION = YES;
				CLANG_WARN_CONSTANT_CONVERSION = YES;
				CLANG_WARN_DIRECT_OBJC_ISA_USAGE = YES_ERROR;
				CLANG_WARN_EMPTY_BODY = YES;
				CLANG_WARN_ENUM_CONVERSION = YES;
				CLANG_WARN_INT_CONVERSION = YES;
				CLANG_WARN_OBJC_ROOT_CLASS = YES_ERROR;
				CLANG_WARN_UNREACHABLE_CODE = YES;
				CLANG_WARN__DUPLICATE_METHOD_MATCH = YES;
				"CODE_SIGN_IDENTITY[sdk=iphoneos*]" = "iPhone Developer";
				COPY_PHASE_STRIP = NO;
				DEBUG_INFORMATION_FORMAT = "dwarf-with-dsym";
				ENABLE_NS_ASSERTIONS = NO;
				ENABLE_STRICT_OBJC_MSGSEND = YES;
				GCC_C_LANGUAGE_STANDARD = gnu99;
				GCC_NO_COMMON_BLOCKS = YES;
				GCC_WARN_64_TO_32_BIT_CONVERSION = YES;
				GCC_WARN_ABOUT_RETURN_TYPE = YES_ERROR;
				GCC_WARN_UNDECLARED_SELECTOR = YES;
				GCC_WARN_UNINITIALIZED_AUTOS = YES_AGGRESSIVE;
				GCC_WARN_UNUSED_FUNCTION = YES;
				GCC_WARN_UNUSED_VARIABLE = YES;
				IPHONEOS_DEPLOYMENT_TARGET = 9.2;
				MTL_ENABLE_DEBUG_INFO = NO;
				SDKROOT = iphoneos;
				TARGETED_DEVICE_FAMILY = "1,2";
				VALIDATE_PRODUCT = YES;
			};
			name = Release;
		};
		631C68051C53E7050087C7EF /* Debug */ = {
			isa = XCBuildConfiguration;
			baseConfigurationReference = 7FAD0C26E270AC144A51AD57 /* Pods.debug.xcconfig */;
			buildSettings = {
				ASSETCATALOG_COMPILER_APPICON_NAME = AppIcon;
				INFOPLIST_FILE = BlockHunt/Info.plist;
				IPHONEOS_DEPLOYMENT_TARGET = 8;
				LD_RUNPATH_SEARCH_PATHS = "$(inherited) @executable_path/Frameworks";
				PRODUCT_BUNDLE_IDENTIFIER = com.silverlogic.BlockHunt;
				PRODUCT_NAME = "$(TARGET_NAME)";
			};
			name = Debug;
		};
		631C68061C53E7050087C7EF /* Release */ = {
			isa = XCBuildConfiguration;
			baseConfigurationReference = 3FF742473524EEEDCF0EC8B0 /* Pods.release.xcconfig */;
			buildSettings = {
				ASSETCATALOG_COMPILER_APPICON_NAME = AppIcon;
				INFOPLIST_FILE = BlockHunt/Info.plist;
				IPHONEOS_DEPLOYMENT_TARGET = 8;
				LD_RUNPATH_SEARCH_PATHS = "$(inherited) @executable_path/Frameworks";
				PRODUCT_BUNDLE_IDENTIFIER = com.silverlogic.BlockHunt;
				PRODUCT_NAME = "$(TARGET_NAME)";
			};
			name = Release;
		};
		631C68081C53E7050087C7EF /* Debug */ = {
			isa = XCBuildConfiguration;
			baseConfigurationReference = B46AB7B043C0ABF306C033A6 /* Pods-BlockHuntTests.debug.xcconfig */;
			buildSettings = {
				BUNDLE_LOADER = "$(TEST_HOST)";
				INFOPLIST_FILE = BlockHuntTests/Info.plist;
				LD_RUNPATH_SEARCH_PATHS = "$(inherited) @executable_path/Frameworks @loader_path/Frameworks";
				PRODUCT_BUNDLE_IDENTIFIER = com.silverlogic.BlockHuntTests;
				PRODUCT_NAME = "$(TARGET_NAME)";
				TEST_HOST = "$(BUILT_PRODUCTS_DIR)/BlockHunt.app/BlockHunt";
			};
			name = Debug;
		};
		631C68091C53E7050087C7EF /* Release */ = {
			isa = XCBuildConfiguration;
			baseConfigurationReference = A8B757F07D489D47F102D9DA /* Pods-BlockHuntTests.release.xcconfig */;
			buildSettings = {
				BUNDLE_LOADER = "$(TEST_HOST)";
				INFOPLIST_FILE = BlockHuntTests/Info.plist;
				LD_RUNPATH_SEARCH_PATHS = "$(inherited) @executable_path/Frameworks @loader_path/Frameworks";
				PRODUCT_BUNDLE_IDENTIFIER = com.silverlogic.BlockHuntTests;
				PRODUCT_NAME = "$(TARGET_NAME)";
				TEST_HOST = "$(BUILT_PRODUCTS_DIR)/BlockHunt.app/BlockHunt";
			};
			name = Release;
		};
		631C680B1C53E7050087C7EF /* Debug */ = {
			isa = XCBuildConfiguration;
			buildSettings = {
				INFOPLIST_FILE = BlockHuntUITests/Info.plist;
				LD_RUNPATH_SEARCH_PATHS = "$(inherited) @executable_path/Frameworks @loader_path/Frameworks";
				PRODUCT_BUNDLE_IDENTIFIER = com.silverlogic.BlockHuntUITests;
				PRODUCT_NAME = "$(TARGET_NAME)";
				TEST_TARGET_NAME = BlockHunt;
				USES_XCTRUNNER = YES;
			};
			name = Debug;
		};
		631C680C1C53E7050087C7EF /* Release */ = {
			isa = XCBuildConfiguration;
			buildSettings = {
				INFOPLIST_FILE = BlockHuntUITests/Info.plist;
				LD_RUNPATH_SEARCH_PATHS = "$(inherited) @executable_path/Frameworks @loader_path/Frameworks";
				PRODUCT_BUNDLE_IDENTIFIER = com.silverlogic.BlockHuntUITests;
				PRODUCT_NAME = "$(TARGET_NAME)";
				TEST_TARGET_NAME = BlockHunt;
				USES_XCTRUNNER = YES;
			};
			name = Release;
		};
/* End XCBuildConfiguration section */

/* Begin XCConfigurationList section */
		631C67CF1C53E7040087C7EF /* Build configuration list for PBXProject "BlockHunt" */ = {
			isa = XCConfigurationList;
			buildConfigurations = (
				631C68021C53E7050087C7EF /* Debug */,
				631C68031C53E7050087C7EF /* Release */,
			);
			defaultConfigurationIsVisible = 0;
			defaultConfigurationName = Release;
		};
		631C68041C53E7050087C7EF /* Build configuration list for PBXNativeTarget "BlockHunt" */ = {
			isa = XCConfigurationList;
			buildConfigurations = (
				631C68051C53E7050087C7EF /* Debug */,
				631C68061C53E7050087C7EF /* Release */,
			);
			defaultConfigurationIsVisible = 0;
			defaultConfigurationName = Release;
		};
		631C68071C53E7050087C7EF /* Build configuration list for PBXNativeTarget "BlockHuntTests" */ = {
			isa = XCConfigurationList;
			buildConfigurations = (
				631C68081C53E7050087C7EF /* Debug */,
				631C68091C53E7050087C7EF /* Release */,
			);
			defaultConfigurationIsVisible = 0;
			defaultConfigurationName = Release;
		};
		631C680A1C53E7050087C7EF /* Build configuration list for PBXNativeTarget "BlockHuntUITests" */ = {
			isa = XCConfigurationList;
			buildConfigurations = (
				631C680B1C53E7050087C7EF /* Debug */,
				631C680C1C53E7050087C7EF /* Release */,
			);
			defaultConfigurationIsVisible = 0;
			defaultConfigurationName = Release;
		};
/* End XCConfigurationList section */
	};
	rootObject = 631C67CC1C53E7040087C7EF /* Project object */;
}
